
Microsoft Visual Studio Solution File, Format Version 12.00
# Visual Studio Version 16
VisualStudioVersion = 16.0.29613.14
MinimumVisualStudioVersion = 10.0.40219.1
Project("{FAE04EC0-301F-11D3-BF4B-00C04F79EFBC}") = "Neo4jTest", "Neo4jTest\Neo4jTest.csproj", "{1F0EB20C-A1A5-401E-AA44-5FF140E1C526}"
EndProject
Global
	GlobalSection(SolutionConfigurationPlatforms) = preSolution
		Debug|Any CPU = Debug|Any CPU
		Release|Any CPU = Release|Any CPU
	EndGlobalSection
	GlobalSection(ProjectConfigurationPlatforms) = postSolution
		{1F0EB20C-A1A5-401E-AA44-5FF140E1C526}.Debug|Any CPU.ActiveCfg = Debug|Any CPU
		{1F0EB20C-A1A5-401E-AA44-5FF140E1C526}.Debug|Any CPU.Build.0 = Debug|Any CPU
		{1F0EB20C-A1A5-401E-AA44-5FF140E1C526}.Release|Any CPU.ActiveCfg = Release|Any CPU
		{1F0EB20C-A1A5-401E-AA44-5FF140E1C526}.Release|Any CPU.Build.0 = Release|Any CPU
	EndGlobalSection
	GlobalSection(SolutionProperties) = preSolution
		HideSolutionNode = FALSE
	EndGlobalSection
	GlobalSection(ExtensibilityGlobals) = postSolution
		SolutionGuid = {7521B5D9-5C8F-455D-9A83-3214B0FB0252}
	EndGlobalSection
EndGlobal
